// !$*UTF8*$!
{
	archiveVersion = 1;
	classes = {
	};
	objectVersion = 50;
	objects = {

/* Begin PBXBuildFile section */
		B55BB077269F321A00D7D8BB /* Tests_iOS.swift in Sources */ = {isa = PBXBuildFile; fileRef = B55BB076269F321900D7D8BB /* Tests_iOS.swift */; };
		B55BB082269F321A00D7D8BB /* Tests_macOS.swift in Sources */ = {isa = PBXBuildFile; fileRef = B55BB081269F321A00D7D8BB /* Tests_macOS.swift */; };
		B55BB084269F321A00D7D8BB /* storyboardintro.xcdatamodeld in Sources */ = {isa = PBXBuildFile; fileRef = B55BB058269F320600D7D8BB /* storyboardintro.xcdatamodeld */; };
		B55BB085269F321A00D7D8BB /* storyboardintro.xcdatamodeld in Sources */ = {isa = PBXBuildFile; fileRef = B55BB058269F320600D7D8BB /* storyboardintro.xcdatamodeld */; };
		B55BB086269F321A00D7D8BB /* storyboardintroApp.swift in Sources */ = {isa = PBXBuildFile; fileRef = B55BB05A269F320700D7D8BB /* storyboardintroApp.swift */; };
		B55BB087269F321A00D7D8BB /* storyboardintroApp.swift in Sources */ = {isa = PBXBuildFile; fileRef = B55BB05A269F320700D7D8BB /* storyboardintroApp.swift */; };
		B55BB088269F321A00D7D8BB /* ContentView.swift in Sources */ = {isa = PBXBuildFile; fileRef = B55BB05B269F320700D7D8BB /* ContentView.swift */; };
		B55BB089269F321A00D7D8BB /* ContentView.swift in Sources */ = {isa = PBXBuildFile; fileRef = B55BB05B269F320700D7D8BB /* ContentView.swift */; };
		B55BB08A269F321A00D7D8BB /* Persistence.swift in Sources */ = {isa = PBXBuildFile; fileRef = B55BB05C269F320700D7D8BB /* Persistence.swift */; };
		B55BB08B269F321A00D7D8BB /* Persistence.swift in Sources */ = {isa = PBXBuildFile; fileRef = B55BB05C269F320700D7D8BB /* Persistence.swift */; };
		B55BB08C269F321A00D7D8BB /* Assets.xcassets in Resources */ = {isa = PBXBuildFile; fileRef = B55BB05D269F321900D7D8BB /* Assets.xcassets */; };
		B55BB08D269F321A00D7D8BB /* Assets.xcassets in Resources */ = {isa = PBXBuildFile; fileRef = B55BB05D269F321900D7D8BB /* Assets.xcassets */; };
/* End PBXBuildFile section */

/* Begin PBXContainerItemProxy section */
		B55BB073269F321900D7D8BB /* PBXContainerItemProxy */ = {
			isa = PBXContainerItemProxy;
			containerPortal = B55BB053269F320500D7D8BB /* Project object */;
			proxyType = 1;
			remoteGlobalIDString = B55BB061269F321900D7D8BB;
			remoteInfo = "storyboardintro (iOS)";
		};
		B55BB07E269F321A00D7D8BB /* PBXContainerItemProxy */ = {
			isa = PBXContainerItemProxy;
			containerPortal = B55BB053269F320500D7D8BB /* Project object */;
			proxyType = 1;
			remoteGlobalIDString = B55BB069269F321900D7D8BB;
			remoteInfo = "storyboardintro (macOS)";
		};
/* End PBXContainerItemProxy section */

/* Begin PBXFileReference section */
		B55BB059269F320600D7D8BB /* Shared.xcdatamodel */ = {isa = PBXFileReference; lastKnownFileType = wrapper.xcdatamodel; path = Shared.xcdatamodel; sourceTree = "<group>"; };
		B55BB05A269F320700D7D8BB /* storyboardintroApp.swift */ = {isa = PBXFileReference; lastKnownFileType = sourcecode.swift; path = storyboardintroApp.swift; sourceTree = "<group>"; };
		B55BB05B269F320700D7D8BB /* ContentView.swift */ = {isa = PBXFileReference; lastKnownFileType = sourcecode.swift; path = ContentView.swift; sourceTree = "<group>"; };
		B55BB05C269F320700D7D8BB /* Persistence.swift */ = {isa = PBXFileReference; lastKnownFileType = sourcecode.swift; path = Persistence.swift; sourceTree = "<group>"; };
		B55BB05D269F321900D7D8BB /* Assets.xcassets */ = {isa = PBXFileReference; lastKnownFileType = folder.assetcatalog; path = Assets.xcassets; sourceTree = "<group>"; };
		B55BB062269F321900D7D8BB /* storyboardintro.app */ = {isa = PBXFileReference; explicitFileType = wrapper.application; includeInIndex = 0; path = storyboardintro.app; sourceTree = BUILT_PRODUCTS_DIR; };
		B55BB065269F321900D7D8BB /* Info.plist */ = {isa = PBXFileReference; lastKnownFileType = text.plist.xml; path = Info.plist; sourceTree = "<group>"; };
		B55BB06A269F321900D7D8BB /* storyboardintro.app */ = {isa = PBXFileReference; explicitFileType = wrapper.application; includeInIndex = 0; path = storyboardintro.app; sourceTree = BUILT_PRODUCTS_DIR; };
		B55BB06C269F321900D7D8BB /* Info.plist */ = {isa = PBXFileReference; lastKnownFileType = text.plist.xml; path = Info.plist; sourceTree = "<group>"; };
		B55BB06D269F321900D7D8BB /* macOS.entitlements */ = {isa = PBXFileReference; lastKnownFileType = text.plist.entitlements; path = macOS.entitlements; sourceTree = "<group>"; };
		B55BB072269F321900D7D8BB /* Tests iOS.xctest */ = {isa = PBXFileReference; explicitFileType = wrapper.cfbundle; includeInIndex = 0; path = "Tests iOS.xctest"; sourceTree = BUILT_PRODUCTS_DIR; };
		B55BB076269F321900D7D8BB /* Tests_iOS.swift */ = {isa = PBXFileReference; lastKnownFileType = sourcecode.swift; path = Tests_iOS.swift; sourceTree = "<group>"; };
		B55BB078269F321A00D7D8BB /* Info.plist */ = {isa = PBXFileReference; lastKnownFileType = text.plist.xml; path = Info.plist; sourceTree = "<group>"; };
		B55BB07D269F321A00D7D8BB /* Tests macOS.xctest */ = {isa = PBXFileReference; explicitFileType = wrapper.cfbundle; includeInIndex = 0; path = "Tests macOS.xctest"; sourceTree = BUILT_PRODUCTS_DIR; };
		B55BB081269F321A00D7D8BB /* Tests_macOS.swift */ = {isa = PBXFileReference; lastKnownFileType = sourcecode.swift; path = Tests_macOS.swift; sourceTree = "<group>"; };
		B55BB083269F321A00D7D8BB /* Info.plist */ = {isa = PBXFileReference; lastKnownFileType = text.plist.xml; path = Info.plist; sourceTree = "<group>"; };
/* End PBXFileReference section */

/* Begin PBXFrameworksBuildPhase section */
		B55BB05F269F321900D7D8BB /* Frameworks */ = {
			isa = PBXFrameworksBuildPhase;
			buildActionMask = 2147483647;
			files = (
			);
			runOnlyForDeploymentPostprocessing = 0;
		};
		B55BB067269F321900D7D8BB /* Frameworks */ = {
			isa = PBXFrameworksBuildPhase;
			buildActionMask = 2147483647;
			files = (
			);
			runOnlyForDeploymentPostprocessing = 0;
		};
		B55BB06F269F321900D7D8BB /* Frameworks */ = {
			isa = PBXFrameworksBuildPhase;
			buildActionMask = 2147483647;
			files = (
			);
			runOnlyForDeploymentPostprocessing = 0;
		};
		B55BB07A269F321A00D7D8BB /* Frameworks */ = {
			isa = PBXFrameworksBuildPhase;
			buildActionMask = 2147483647;
			files = (
			);
			runOnlyForDeploymentPostprocessing = 0;
		};
/* End PBXFrameworksBuildPhase section */

/* Begin PBXGroup section */
		B55BB052269F320500D7D8BB = {
			isa = PBXGroup;
			children = (
				B55BB057269F320600D7D8BB /* Shared */,
				B55BB064269F321900D7D8BB /* iOS */,
				B55BB06B269F321900D7D8BB /* macOS */,
				B55BB075269F321900D7D8BB /* Tests iOS */,
				B55BB080269F321A00D7D8BB /* Tests macOS */,
				B55BB063269F321900D7D8BB /* Products */,
			);
			sourceTree = "<group>";
		};
		B55BB057269F320600D7D8BB /* Shared */ = {
			isa = PBXGroup;
			children = (
				B55BB05A269F320700D7D8BB /* storyboardintroApp.swift */,
				B55BB05B269F320700D7D8BB /* ContentView.swift */,
				B55BB05C269F320700D7D8BB /* Persistence.swift */,
				B55BB05D269F321900D7D8BB /* Assets.xcassets */,
				B55BB058269F320600D7D8BB /* storyboardintro.xcdatamodeld */,
			);
			path = Shared;
			sourceTree = "<group>";
		};
		B55BB063269F321900D7D8BB /* Products */ = {
			isa = PBXGroup;
			children = (
				B55BB062269F321900D7D8BB /* storyboardintro.app */,
				B55BB06A269F321900D7D8BB /* storyboardintro.app */,
				B55BB072269F321900D7D8BB /* Tests iOS.xctest */,
				B55BB07D269F321A00D7D8BB /* Tests macOS.xctest */,
			);
			name = Products;
			sourceTree = "<group>";
		};
		B55BB064269F321900D7D8BB /* iOS */ = {
			isa = PBXGroup;
			children = (
				B55BB065269F321900D7D8BB /* Info.plist */,
			);
			path = iOS;
			sourceTree = "<group>";
		};
		B55BB06B269F321900D7D8BB /* macOS */ = {
			isa = PBXGroup;
			children = (
				B55BB06C269F321900D7D8BB /* Info.plist */,
				B55BB06D269F321900D7D8BB /* macOS.entitlements */,
			);
			path = macOS;
			sourceTree = "<group>";
		};
		B55BB075269F321900D7D8BB /* Tests iOS */ = {
			isa = PBXGroup;
			children = (
				B55BB076269F321900D7D8BB /* Tests_iOS.swift */,
				B55BB078269F321A00D7D8BB /* Info.plist */,
			);
			path = "Tests iOS";
			sourceTree = "<group>";
		};
		B55BB080269F321A00D7D8BB /* Tests macOS */ = {
			isa = PBXGroup;
			children = (
				B55BB081269F321A00D7D8BB /* Tests_macOS.swift */,
				B55BB083269F321A00D7D8BB /* Info.plist */,
			);
			path = "Tests macOS";
			sourceTree = "<group>";
		};
/* End PBXGroup section */

/* Begin PBXNativeTarget section */
		B55BB061269F321900D7D8BB /* storyboardintro (iOS) */ = {
			isa = PBXNativeTarget;
			buildConfigurationList = B55BB090269F321A00D7D8BB /* Build configuration list for PBXNativeTarget "storyboardintro (iOS)" */;
			buildPhases = (
				B55BB05E269F321900D7D8BB /* Sources */,
				B55BB05F269F321900D7D8BB /* Frameworks */,
				B55BB060269F321900D7D8BB /* Resources */,
			);
			buildRules = (
			);
			dependencies = (
			);
			name = "storyboardintro (iOS)";
			productName = "storyboardintro (iOS)";
			productReference = B55BB062269F321900D7D8BB /* storyboardintro.app */;
			productType = "com.apple.product-type.application";
		};
		B55BB069269F321900D7D8BB /* storyboardintro (macOS) */ = {
			isa = PBXNativeTarget;
			buildConfigurationList = B55BB093269F321A00D7D8BB /* Build configuration list for PBXNativeTarget "storyboardintro (macOS)" */;
			buildPhases = (
				B55BB066269F321900D7D8BB /* Sources */,
				B55BB067269F321900D7D8BB /* Frameworks */,
				B55BB068269F321900D7D8BB /* Resources */,
			);
			buildRules = (
			);
			dependencies = (
			);
			name = "storyboardintro (macOS)";
			productName = "storyboardintro (macOS)";
			productReference = B55BB06A269F321900D7D8BB /* storyboardintro.app */;
			productType = "com.apple.product-type.application";
		};
		B55BB071269F321900D7D8BB /* Tests iOS */ = {
			isa = PBXNativeTarget;
			buildConfigurationList = B55BB096269F321A00D7D8BB /* Build configuration list for PBXNativeTarget "Tests iOS" */;
			buildPhases = (
				B55BB06E269F321900D7D8BB /* Sources */,
				B55BB06F269F321900D7D8BB /* Frameworks */,
				B55BB070269F321900D7D8BB /* Resources */,
			);
			buildRules = (
			);
			dependencies = (
				B55BB074269F321900D7D8BB /* PBXTargetDependency */,
			);
			name = "Tests iOS";
			productName = "Tests iOS";
			productReference = B55BB072269F321900D7D8BB /* Tests iOS.xctest */;
			productType = "com.apple.product-type.bundle.ui-testing";
		};
		B55BB07C269F321A00D7D8BB /* Tests macOS */ = {
			isa = PBXNativeTarget;
			buildConfigurationList = B55BB099269F321A00D7D8BB /* Build configuration list for PBXNativeTarget "Tests macOS" */;
			buildPhases = (
				B55BB079269F321A00D7D8BB /* Sources */,
				B55BB07A269F321A00D7D8BB /* Frameworks */,
				B55BB07B269F321A00D7D8BB /* Resources */,
			);
			buildRules = (
			);
			dependencies = (
				B55BB07F269F321A00D7D8BB /* PBXTargetDependency */,
			);
			name = "Tests macOS";
			productName = "Tests macOS";
			productReference = B55BB07D269F321A00D7D8BB /* Tests macOS.xctest */;
			productType = "com.apple.product-type.bundle.ui-testing";
		};
/* End PBXNativeTarget section */

/* Begin PBXProject section */
		B55BB053269F320500D7D8BB /* Project object */ = {
			isa = PBXProject;
			attributes = {
				LastSwiftUpdateCheck = 1250;
				LastUpgradeCheck = 1250;
				TargetAttributes = {
					B55BB061269F321900D7D8BB = {
						CreatedOnToolsVersion = 12.5.1;
					};
					B55BB069269F321900D7D8BB = {
						CreatedOnToolsVersion = 12.5.1;
					};
					B55BB071269F321900D7D8BB = {
						CreatedOnToolsVersion = 12.5.1;
						TestTargetID = B55BB061269F321900D7D8BB;
					};
					B55BB07C269F321A00D7D8BB = {
						CreatedOnToolsVersion = 12.5.1;
						TestTargetID = B55BB069269F321900D7D8BB;
					};
				};
			};
			buildConfigurationList = B55BB056269F320500D7D8BB /* Build configuration list for PBXProject "storyboardintro" */;
			compatibilityVersion = "Xcode 9.3";
			developmentRegion = en;
			hasScannedForEncodings = 0;
			knownRegions = (
				en,
				Base,
			);
			mainGroup = B55BB052269F320500D7D8BB;
			productRefGroup = B55BB063269F321900D7D8BB /* Products */;
			projectDirPath = "";
			projectRoot = "";
			targets = (
				B55BB061269F321900D7D8BB /* storyboardintro (iOS) */,
				B55BB069269F321900D7D8BB /* storyboardintro (macOS) */,
				B55BB071269F321900D7D8BB /* Tests iOS */,
				B55BB07C269F321A00D7D8BB /* Tests macOS */,
			);
		};
/* End PBXProject section */

/* Begin PBXResourcesBuildPhase section */
		B55BB060269F321900D7D8BB /* Resources */ = {
			isa = PBXResourcesBuildPhase;
			buildActionMask = 2147483647;
			files = (
				B55BB08C269F321A00D7D8BB /* Assets.xcassets in Resources */,
			);
			runOnlyForDeploymentPostprocessing = 0;
		};
		B55BB068269F321900D7D8BB /* Resources */ = {
			isa = PBXResourcesBuildPhase;
			buildActionMask = 2147483647;
			files = (
				B55BB08D269F321A00D7D8BB /* Assets.xcassets in Resources */,
			);
			runOnlyForDeploymentPostprocessing = 0;
		};
		B55BB070269F321900D7D8BB /* Resources */ = {
			isa = PBXResourcesBuildPhase;
			buildActionMask = 2147483647;
			files = (
			);
			runOnlyForDeploymentPostprocessing = 0;
		};
		B55BB07B269F321A00D7D8BB /* Resources */ = {
			isa = PBXResourcesBuildPhase;
			buildActionMask = 2147483647;
			files = (
			);
			runOnlyForDeploymentPostprocessing = 0;
		};
/* End PBXResourcesBuildPhase section */

/* Begin PBXSourcesBuildPhase section */
		B55BB05E269F321900D7D8BB /* Sources */ = {
			isa = PBXSourcesBuildPhase;
			buildActionMask = 2147483647;
			files = (
				B55BB084269F321A00D7D8BB /* storyboardintro.xcdatamodeld in Sources */,
				B55BB08A269F321A00D7D8BB /* Persistence.swift in Sources */,
				B55BB086269F321A00D7D8BB /* storyboardintroApp.swift in Sources */,
				B55BB088269F321A00D7D8BB /* ContentView.swift in Sources */,
			);
			runOnlyForDeploymentPostprocessing = 0;
		};
		B55BB066269F321900D7D8BB /* Sources */ = {
			isa = PBXSourcesBuildPhase;
			buildActionMask = 2147483647;
			files = (
				B55BB085269F321A00D7D8BB /* storyboardintro.xcdatamodeld in Sources */,
				B55BB08B269F321A00D7D8BB /* Persistence.swift in Sources */,
				B55BB087269F321A00D7D8BB /* storyboardintroApp.swift in Sources */,
				B55BB089269F321A00D7D8BB /* ContentView.swift in Sources */,
			);
			runOnlyForDeploymentPostprocessing = 0;
		};
		B55BB06E269F321900D7D8BB /* Sources */ = {
			isa = PBXSourcesBuildPhase;
			buildActionMask = 2147483647;
			files = (
				B55BB077269F321A00D7D8BB /* Tests_iOS.swift in Sources */,
			);
			runOnlyForDeploymentPostprocessing = 0;
		};
		B55BB079269F321A00D7D8BB /* Sources */ = {
			isa = PBXSourcesBuildPhase;
			buildActionMask = 2147483647;
			files = (
				B55BB082269F321A00D7D8BB /* Tests_macOS.swift in Sources */,
			);
			runOnlyForDeploymentPostprocessing = 0;
		};
/* End PBXSourcesBuildPhase section */

/* Begin PBXTargetDependency section */
		B55BB074269F321900D7D8BB /* PBXTargetDependency */ = {
			isa = PBXTargetDependency;
			target = B55BB061269F321900D7D8BB /* storyboardintro (iOS) */;
			targetProxy = B55BB073269F321900D7D8BB /* PBXContainerItemProxy */;
		};
		B55BB07F269F321A00D7D8BB /* PBXTargetDependency */ = {
			isa = PBXTargetDependency;
			target = B55BB069269F321900D7D8BB /* storyboardintro (macOS) */;
			targetProxy = B55BB07E269F321A00D7D8BB /* PBXContainerItemProxy */;
		};
/* End PBXTargetDependency section */

/* Begin XCBuildConfiguration section */
		B55BB08E269F321A00D7D8BB /* Debug */ = {
			isa = XCBuildConfiguration;
			buildSettings = {
				ALWAYS_SEARCH_USER_PATHS = NO;
				CLANG_ANALYZER_NONNULL = YES;
				CLANG_ANALYZER_NUMBER_OBJECT_CONVERSION = YES_AGGRESSIVE;
				CLANG_CXX_LANGUAGE_STANDARD = "gnu++14";
				CLANG_CXX_LIBRARY = "libc++";
				CLANG_ENABLE_MODULES = YES;
				CLANG_ENABLE_OBJC_ARC = YES;
				CLANG_ENABLE_OBJC_WEAK = YES;
				CLANG_WARN_BLOCK_CAPTURE_AUTORELEASING = YES;
				CLANG_WARN_BOOL_CONVERSION = YES;
				CLANG_WARN_COMMA = YES;
				CLANG_WARN_CONSTANT_CONVERSION = YES;
				CLANG_WARN_DEPRECATED_OBJC_IMPLEMENTATIONS = YES;
				CLANG_WARN_DIRECT_OBJC_ISA_USAGE = YES_ERROR;
				CLANG_WARN_DOCUMENTATION_COMMENTS = YES;
				CLANG_WARN_EMPTY_BODY = YES;
				CLANG_WARN_ENUM_CONVERSION = YES;
				CLANG_WARN_INFINITE_RECURSION = YES;
				CLANG_WARN_INT_CONVERSION = YES;
				CLANG_WARN_NON_LITERAL_NULL_CONVERSION = YES;
				CLANG_WARN_OBJC_IMPLICIT_RETAIN_SELF = YES;
				CLANG_WARN_OBJC_LITERAL_CONVERSION = YES;
				CLANG_WARN_OBJC_ROOT_CLASS = YES_ERROR;
				CLANG_WARN_QUOTED_INCLUDE_IN_FRAMEWORK_HEADER = YES;
				CLANG_WARN_RANGE_LOOP_ANALYSIS = YES;
				CLANG_WARN_STRICT_PROTOTYPES = YES;
				CLANG_WARN_SUSPICIOUS_MOVE = YES;
				CLANG_WARN_UNGUARDED_AVAILABILITY = YES_AGGRESSIVE;
				CLANG_WARN_UNREACHABLE_CODE = YES;
				CLANG_WARN__DUPLICATE_METHOD_MATCH = YES;
				COPY_PHASE_STRIP = NO;
				DEBUG_INFORMATION_FORMAT = dwarf;
				ENABLE_STRICT_OBJC_MSGSEND = YES;
				ENABLE_TESTABILITY = YES;
				GCC_C_LANGUAGE_STANDARD = gnu11;
				GCC_DYNAMIC_NO_PIC = NO;
				GCC_NO_COMMON_BLOCKS = YES;
				GCC_OPTIMIZATION_LEVEL = 0;
				GCC_PREPROCESSOR_DEFINITIONS = (
					"DEBUG=1",
					"$(inherited)",
				);
				GCC_WARN_64_TO_32_BIT_CONVERSION = YES;
				GCC_WARN_ABOUT_RETURN_TYPE = YES_ERROR;
				GCC_WARN_UNDECLARED_SELECTOR = YES;
				GCC_WARN_UNINITIALIZED_AUTOS = YES_AGGRESSIVE;
				GCC_WARN_UNUSED_FUNCTION = YES;
				GCC_WARN_UNUSED_VARIABLE = YES;
				MTL_ENABLE_DEBUG_INFO = INCLUDE_SOURCE;
				MTL_FAST_MATH = YES;
				ONLY_ACTIVE_ARCH = YES;
				SWIFT_ACTIVE_COMPILATION_CONDITIONS = DEBUG;
				SWIFT_OPTIMIZATION_LEVEL = "-Onone";
			};
			name = Debug;
		};
		B55BB08F269F321A00D7D8BB /* Release */ = {
			isa = XCBuildConfiguration;
			buildSettings = {
				ALWAYS_SEARCH_USER_PATHS = NO;
				CLANG_ANALYZER_NONNULL = YES;
				CLANG_ANALYZER_NUMBER_OBJECT_CONVERSION = YES_AGGRESSIVE;
				CLANG_CXX_LANGUAGE_STANDARD = "gnu++14";
				CLANG_CXX_LIBRARY = "libc++";
				CLANG_ENABLE_MODULES = YES;
				CLANG_ENABLE_OBJC_ARC = YES;
				CLANG_ENABLE_OBJC_WEAK = YES;
				CLANG_WARN_BLOCK_CAPTURE_AUTORELEASING = YES;
				CLANG_WARN_BOOL_CONVERSION = YES;
				CLANG_WARN_COMMA = YES;
				CLANG_WARN_CONSTANT_CONVERSION = YES;
				CLANG_WARN_DEPRECATED_OBJC_IMPLEMENTATIONS = YES;
				CLANG_WARN_DIRECT_OBJC_ISA_USAGE = YES_ERROR;
				CLANG_WARN_DOCUMENTATION_COMMENTS = YES;
				CLANG_WARN_EMPTY_BODY = YES;
				CLANG_WARN_ENUM_CONVERSION = YES;
				CLANG_WARN_INFINITE_RECURSION = YES;
				CLANG_WARN_INT_CONVERSION = YES;
				CLANG_WARN_NON_LITERAL_NULL_CONVERSION = YES;
				CLANG_WARN_OBJC_IMPLICIT_RETAIN_SELF = YES;
				CLANG_WARN_OBJC_LITERAL_CONVERSION = YES;
				CLANG_WARN_OBJC_ROOT_CLASS = YES_ERROR;
				CLANG_WARN_QUOTED_INCLUDE_IN_FRAMEWORK_HEADER = YES;
				CLANG_WARN_RANGE_LOOP_ANALYSIS = YES;
				CLANG_WARN_STRICT_PROTOTYPES = YES;
				CLANG_WARN_SUSPICIOUS_MOVE = YES;
				CLANG_WARN_UNGUARDED_AVAILABILITY = YES_AGGRESSIVE;
				CLANG_WARN_UNREACHABLE_CODE = YES;
				CLANG_WARN__DUPLICATE_METHOD_MATCH = YES;
				COPY_PHASE_STRIP = NO;
				DEBUG_INFORMATION_FORMAT = "dwarf-with-dsym";
				ENABLE_NS_ASSERTIONS = NO;
				ENABLE_STRICT_OBJC_MSGSEND = YES;
				GCC_C_LANGUAGE_STANDARD = gnu11;
				GCC_NO_COMMON_BLOCKS = YES;
				GCC_WARN_64_TO_32_BIT_CONVERSION = YES;
				GCC_WARN_ABOUT_RETURN_TYPE = YES_ERROR;
				GCC_WARN_UNDECLARED_SELECTOR = YES;
				GCC_WARN_UNINITIALIZED_AUTOS = YES_AGGRESSIVE;
				GCC_WARN_UNUSED_FUNCTION = YES;
				GCC_WARN_UNUSED_VARIABLE = YES;
				MTL_ENABLE_DEBUG_INFO = NO;
				MTL_FAST_MATH = YES;
				SWIFT_COMPILATION_MODE = wholemodule;
				SWIFT_OPTIMIZATION_LEVEL = "-O";
			};
			name = Release;
		};
		B55BB091269F321A00D7D8BB /* Debug */ = {
			isa = XCBuildConfiguration;
			buildSettings = {
				ASSETCATALOG_COMPILER_APPICON_NAME = AppIcon;
				ASSETCATALOG_COMPILER_GLOBAL_ACCENT_COLOR_NAME = AccentColor;
				CODE_SIGN_STYLE = Automatic;
				ENABLE_PREVIEWS = YES;
				INFOPLIST_FILE = iOS/Info.plist;
				IPHONEOS_DEPLOYMENT_TARGET = 14.1;
				LD_RUNPATH_SEARCH_PATHS = (
					"$(inherited)",
					"@executable_path/Frameworks",
				);
				PRODUCT_BUNDLE_IDENTIFIER = qwyenle.storyboardintro;
				PRODUCT_NAME = storyboardintro;
				SDKROOT = iphoneos;
				SWIFT_VERSION = 5.0;
				TARGETED_DEVICE_FAMILY = "1,2";
			};
			name = Debug;
		};
		B55BB092269F321A00D7D8BB /* Release */ = {
			isa = XCBuildConfiguration;
			buildSettings = {
				ASSETCATALOG_COMPILER_APPICON_NAME = AppIcon;
				ASSETCATALOG_COMPILER_GLOBAL_ACCENT_COLOR_NAME = AccentColor;
				CODE_SIGN_STYLE = Automatic;
				ENABLE_PREVIEWS = YES;
				INFOPLIST_FILE = iOS/Info.plist;
				IPHONEOS_DEPLOYMENT_TARGET = 14.1;
				LD_RUNPATH_SEARCH_PATHS = (
					"$(inherited)",
					"@executable_path/Frameworks",
				);
				PRODUCT_BUNDLE_IDENTIFIER = qwyenle.storyboardintro;
				PRODUCT_NAME = storyboardintro;
				SDKROOT = iphoneos;
				SWIFT_VERSION = 5.0;
				TARGETED_DEVICE_FAMILY = "1,2";
				VALIDATE_PRODUCT = YES;
			};
			name = Release;
		};
		B55BB094269F321A00D7D8BB /* Debug */ = {
			isa = XCBuildConfiguration;
			buildSettings = {
				ASSETCATALOG_COMPILER_APPICON_NAME = AppIcon;
				ASSETCATALOG_COMPILER_GLOBAL_ACCENT_COLOR_NAME = AccentColor;
				CODE_SIGN_ENTITLEMENTS = macOS/macOS.entitlements;
				CODE_SIGN_STYLE = Automatic;
				COMBINE_HIDPI_IMAGES = YES;
				ENABLE_PREVIEWS = YES;
				INFOPLIST_FILE = macOS/Info.plist;
				LD_RUNPATH_SEARCH_PATHS = (
					"$(inherited)",
					"@executable_path/../Frameworks",
				);
				MACOSX_DEPLOYMENT_TARGET = 11.0;
				PRODUCT_BUNDLE_IDENTIFIER = qwyenle.storyboardintro;
				PRODUCT_NAME = storyboardintro;
				SDKROOT = macosx;
				SWIFT_VERSION = 5.0;
			};
			name = Debug;
		};
		B55BB095269F321A00D7D8BB /* Release */ = {
			isa = XCBuildConfiguration;
			buildSettings = {
				ASSETCATALOG_COMPILER_APPICON_NAME = AppIcon;
				ASSETCATALOG_COMPILER_GLOBAL_ACCENT_COLOR_NAME = AccentColor;
				CODE_SIGN_ENTITLEMENTS = macOS/macOS.entitlements;
				CODE_SIGN_STYLE = Automatic;
				COMBINE_HIDPI_IMAGES = YES;
				ENABLE_PREVIEWS = YES;
				INFOPLIST_FILE = macOS/Info.plist;
				LD_RUNPATH_SEARCH_PATHS = (
					"$(inherited)",
					"@executable_path/../Frameworks",
				);
				MACOSX_DEPLOYMENT_TARGET = 11.0;
				PRODUCT_BUNDLE_IDENTIFIER = qwyenle.storyboardintro;
				PRODUCT_NAME = storyboardintro;
				SDKROOT = macosx;
				SWIFT_VERSION = 5.0;
			};
			name = Release;
		};
		B55BB097269F321A00D7D8BB /* Debug */ = {
			isa = XCBuildConfiguration;
			buildSettings = {
				ALWAYS_EMBED_SWIFT_STANDARD_LIBRARIES = YES;
				CODE_SIGN_STYLE = Automatic;
				INFOPLIST_FILE = "Tests iOS/Info.plist";
				IPHONEOS_DEPLOYMENT_TARGET = 14.5;
				LD_RUNPATH_SEARCH_PATHS = (
					"$(inherited)",
					"@executable_path/Frameworks",
					"@loader_path/Frameworks",
				);
				PRODUCT_BUNDLE_IDENTIFIER = "qwyenle.Tests-iOS";
				PRODUCT_NAME = "$(TARGET_NAME)";
				SDKROOT = iphoneos;
				SWIFT_VERSION = 5.0;
				TARGETED_DEVICE_FAMILY = "1,2";
				TEST_TARGET_NAME = "storyboardintro (iOS)";
			};
			name = Debug;
		};
		B55BB098269F321A00D7D8BB /* Release */ = {
			isa = XCBuildConfiguration;
			buildSettings = {
				ALWAYS_EMBED_SWIFT_STANDARD_LIBRARIES = YES;
				CODE_SIGN_STYLE = Automatic;
				INFOPLIST_FILE = "Tests iOS/Info.plist";
				IPHONEOS_DEPLOYMENT_TARGET = 14.5;
				LD_RUNPATH_SEARCH_PATHS = (
					"$(inherited)",
					"@executable_path/Frameworks",
					"@loader_path/Frameworks",
				);
				PRODUCT_BUNDLE_IDENTIFIER = "qwyenle.Tests-iOS";
				PRODUCT_NAME = "$(TARGET_NAME)";
				SDKROOT = iphoneos;
				SWIFT_VERSION = 5.0;
				TARGETED_DEVICE_FAMILY = "1,2";
				TEST_TARGET_NAME = "storyboardintro (iOS)";
				VALIDATE_PRODUCT = YES;
			};
			name = Release;
		};
		B55BB09A269F321A00D7D8BB /* Debug */ = {
			isa = XCBuildConfiguration;
			buildSettings = {
				ALWAYS_EMBED_SWIFT_STANDARD_LIBRARIES = YES;
				CODE_SIGN_STYLE = Automatic;
				COMBINE_HIDPI_IMAGES = YES;
				INFOPLIST_FILE = "Tests macOS/Info.plist";
				LD_RUNPATH_SEARCH_PATHS = (
					"$(inherited)",
					"@executable_path/../Frameworks",
					"@loader_path/../Frameworks",
				);
				MACOSX_DEPLOYMENT_TARGET = 11.3;
				PRODUCT_BUNDLE_IDENTIFIER = "qwyenle.Tests-macOS";
				PRODUCT_NAME = "$(TARGET_NAME)";
				SDKROOT = macosx;
				SWIFT_VERSION = 5.0;
				TEST_TARGET_NAME = "storyboardintro (macOS)";
			};
			name = Debug;
		};
		B55BB09B269F321A00D7D8BB /* Release */ = {
			isa = XCBuildConfiguration;
			buildSettings = {
				ALWAYS_EMBED_SWIFT_STANDARD_LIBRARIES = YES;
				CODE_SIGN_STYLE = Automatic;
				COMBINE_HIDPI_IMAGES = YES;
				INFOPLIST_FILE = "Tests macOS/Info.plist";
				LD_RUNPATH_SEARCH_PATHS = (
					"$(inherited)",
					"@executable_path/../Frameworks",
					"@loader_path/../Frameworks",
				);
				MACOSX_DEPLOYMENT_TARGET = 11.3;
				PRODUCT_BUNDLE_IDENTIFIER = "qwyenle.Tests-macOS";
				PRODUCT_NAME = "$(TARGET_NAME)";
				SDKROOT = macosx;
				SWIFT_VERSION = 5.0;
				TEST_TARGET_NAME = "storyboardintro (macOS)";
			};
			name = Release;
		};
/* End XCBuildConfiguration section */

/* Begin XCConfigurationList section */
		B55BB056269F320500D7D8BB /* Build configuration list for PBXProject "storyboardintro" */ = {
			isa = XCConfigurationList;
			buildConfigurations = (
				B55BB08E269F321A00D7D8BB /* Debug */,
				B55BB08F269F321A00D7D8BB /* Release */,
			);
			defaultConfigurationIsVisible = 0;
			defaultConfigurationName = Release;
		};
		B55BB090269F321A00D7D8BB /* Build configuration list for PBXNativeTarget "storyboardintro (iOS)" */ = {
			isa = XCConfigurationList;
			buildConfigurations = (
				B55BB091269F321A00D7D8BB /* Debug */,
				B55BB092269F321A00D7D8BB /* Release */,
			);
			defaultConfigurationIsVisible = 0;
			defaultConfigurationName = Release;
		};
		B55BB093269F321A00D7D8BB /* Build configuration list for PBXNativeTarget "storyboardintro (macOS)" */ = {
			isa = XCConfigurationList;
			buildConfigurations = (
				B55BB094269F321A00D7D8BB /* Debug */,
				B55BB095269F321A00D7D8BB /* Release */,
			);
			defaultConfigurationIsVisible = 0;
			defaultConfigurationName = Release;
		};
		B55BB096269F321A00D7D8BB /* Build configuration list for PBXNativeTarget "Tests iOS" */ = {
			isa = XCConfigurationList;
			buildConfigurations = (
				B55BB097269F321A00D7D8BB /* Debug */,
				B55BB098269F321A00D7D8BB /* Release */,
			);
			defaultConfigurationIsVisible = 0;
			defaultConfigurationName = Release;
		};
		B55BB099269F321A00D7D8BB /* Build configuration list for PBXNativeTarget "Tests macOS" */ = {
			isa = XCConfigurationList;
			buildConfigurations = (
				B55BB09A269F321A00D7D8BB /* Debug */,
				B55BB09B269F321A00D7D8BB /* Release */,
			);
			defaultConfigurationIsVisible = 0;
			defaultConfigurationName = Release;
		};
/* End XCConfigurationList section */

/* Begin XCVersionGroup section */
		B55BB058269F320600D7D8BB /* storyboardintro.xcdatamodeld */ = {
			isa = XCVersionGroup;
			children = (
				B55BB059269F320600D7D8BB /* Shared.xcdatamodel */,
			);
			currentVersion = B55BB059269F320600D7D8BB /* Shared.xcdatamodel */;
			path = storyboardintro.xcdatamodeld;
			sourceTree = "<group>";
			versionGroupType = wrapper.xcdatamodel;
		};
/* End XCVersionGroup section */
	};
	rootObject = B55BB053269F320500D7D8BB /* Project object */;
}
